{
  "nodes": {
    "advisory-db": {
      "flake": false,
      "locked": {
        "lastModified": 1712168594,
        "narHash": "sha256-1Yh+vafNq19JDfmpknkWq11AkcQLPmFZ8X6YJZT5r7o=",
        "owner": "rustsec",
        "repo": "advisory-db",
        "rev": "0bc9a77248be5cb5f2b51fe6aba8ba451d74c6bb",
        "type": "github"
      },
      "original": {
        "owner": "rustsec",
        "repo": "advisory-db",
        "type": "github"
      }
    },
    "arion": {
      "inputs": {
        "flake-parts": "flake-parts",
        "haskell-flake": "haskell-flake",
        "hercules-ci-effects": "hercules-ci-effects",
        "nixpkgs": [
          "nixpkgs"
        ]
      },
      "locked": {
        "lastModified": 1709606645,
        "narHash": "sha256-yObjAl8deNvx1uIfQn7/vkB9Rnr0kqTo1HVrsk46l30=",
        "owner": "hercules-ci",
        "repo": "arion",
        "rev": "d2d48c9ec304ac80c84ede138b8c6f298d07d995",
        "type": "github"
      },
      "original": {
        "owner": "hercules-ci",
        "repo": "arion",
        "type": "github"
      }
    },
    "crane": {
      "inputs": {
        "nixpkgs": [
          "nixpkgs"
        ]
      },
      "locked": {
        "lastModified": 1712180168,
        "narHash": "sha256-sYe00cK+kKnQlVo1wUIZ5rZl9x8/r3djShUqNgfjnM4=",
        "owner": "ipetkov",
        "repo": "crane",
        "rev": "06a9ff255c1681299a87191c2725d9d579f28b82",
        "type": "github"
      },
      "original": {
        "owner": "ipetkov",
        "repo": "crane",
        "type": "github"
      }
    },
    "dev-auth-webhook-source": {
      "flake": false,
      "locked": {
        "lastModified": 1712739493,
        "narHash": "sha256-kBtsPnuNLG5zuwmDAHQafyzDHodARBKlSBJXDlFE/7U=",
        "owner": "hasura",
        "repo": "graphql-engine",
        "rev": "50f1243a46e22f0fecca03364b0b181fbb3735c6",
        "type": "github"
      },
      "original": {
        "owner": "hasura",
        "repo": "graphql-engine",
        "rev": "50f1243a46e22f0fecca03364b0b181fbb3735c6",
        "type": "github"
      }
    },
    "flake-compat": {
      "locked": {
        "lastModified": 1696426674,
        "narHash": "sha256-kvjfFW7WAETZlt09AgDn1MrtKzP7t90Vf7vypd3OL1U=",
        "owner": "edolstra",
        "repo": "flake-compat",
        "rev": "0f9255e01c2351cc7d116c072cb317785dd33b33",
        "type": "github"
      },
      "original": {
        "owner": "edolstra",
        "repo": "flake-compat",
        "type": "github"
      }
    },
    "flake-parts": {
      "inputs": {
        "nixpkgs-lib": [
          "arion",
          "nixpkgs"
        ]
      },
      "locked": {
        "lastModified": 1709336216,
        "narHash": "sha256-Dt/wOWeW6Sqm11Yh+2+t0dfEWxoMxGBvv3JpIocFl9E=",
        "owner": "hercules-ci",
        "repo": "flake-parts",
        "rev": "f7b3c975cf067e56e7cda6cb098ebe3fb4d74ca2",
        "type": "github"
      },
      "original": {
        "owner": "hercules-ci",
        "repo": "flake-parts",
        "type": "github"
      }
    },
    "flake-parts_2": {
      "inputs": {
        "nixpkgs-lib": [
          "arion",
          "hercules-ci-effects",
          "nixpkgs"
        ]
      },
      "locked": {
        "lastModified": 1701473968,
        "narHash": "sha256-YcVE5emp1qQ8ieHUnxt1wCZCC3ZfAS+SRRWZ2TMda7E=",
        "owner": "hercules-ci",
        "repo": "flake-parts",
        "rev": "34fed993f1674c8d06d58b37ce1e0fe5eebcb9f5",
        "type": "github"
      },
      "original": {
        "id": "flake-parts",
        "type": "indirect"
      }
    },
    "flake-utils": {
      "inputs": {
        "systems": "systems"
      },
      "locked": {
        "lastModified": 1705309234,
        "narHash": "sha256-uNRRNRKmJyCRC/8y1RqBkqWBLM034y4qN7EprSdmgyA=",
        "owner": "numtide",
        "repo": "flake-utils",
        "rev": "1ef2e671c3b0c19053962c07dbda38332dcebf26",
        "type": "github"
      },
      "original": {
        "owner": "numtide",
        "repo": "flake-utils",
        "type": "github"
      }
    },
    "graphql-engine-source": {
      "flake": false,
      "locked": {
        "lastModified": 1712845182,
        "narHash": "sha256-Pam+Gf7ve+AuTTHE1BRC3tjhHJqV2xoR3jRDRZ04q5c=",
        "owner": "hasura",
        "repo": "graphql-engine",
        "rev": "4bc2f21f801055796f008ce0d8da44a57283bca1",
        "type": "github"
      },
      "original": {
        "owner": "hasura",
        "repo": "graphql-engine",
        "type": "github"
      }
    },
    "haskell-flake": {
      "locked": {
        "lastModified": 1675296942,
        "narHash": "sha256-u1X1sblozi5qYEcLp1hxcyo8FfDHnRUVX3dJ/tW19jY=",
        "owner": "srid",
        "repo": "haskell-flake",
        "rev": "c2cafce9d57bfca41794dc3b99c593155006c71e",
        "type": "github"
      },
      "original": {
        "owner": "srid",
        "ref": "0.1.0",
        "repo": "haskell-flake",
        "type": "github"
      }
    },
    "hercules-ci-effects": {
      "inputs": {
        "flake-parts": "flake-parts_2",
        "nixpkgs": [
          "arion",
          "nixpkgs"
        ]
      },
      "locked": {
        "lastModified": 1708547820,
        "narHash": "sha256-xU/KC1PWqq5zL9dQ9wYhcdgxAwdeF/dJCLPH3PNZEBg=",
        "owner": "hercules-ci",
        "repo": "hercules-ci-effects",
        "rev": "0ca27bd58e4d5be3135a4bef66b582e57abe8f4a",
        "type": "github"
      },
      "original": {
        "owner": "hercules-ci",
        "repo": "hercules-ci-effects",
        "type": "github"
      }
    },
    "nixpkgs": {
      "locked": {
        "lastModified": 1712163089,
        "narHash": "sha256-Um+8kTIrC19vD4/lUCN9/cU9kcOsD1O1m+axJqQPyMM=",
        "owner": "NixOS",
        "repo": "nixpkgs",
        "rev": "fd281bd6b7d3e32ddfa399853946f782553163b5",
        "type": "github"
      },
      "original": {
        "owner": "NixOS",
        "ref": "nixos-unstable",
        "repo": "nixpkgs",
        "type": "github"
      }
    },
    "root": {
      "inputs": {
        "advisory-db": "advisory-db",
        "arion": "arion",
        "crane": "crane",
        "dev-auth-webhook-source": "dev-auth-webhook-source",
        "flake-compat": "flake-compat",
        "graphql-engine-source": "graphql-engine-source",
        "nixpkgs": "nixpkgs",
        "rust-overlay": "rust-overlay",
        "systems": "systems_2",
        "v3-e2e-testing-source": "v3-e2e-testing-source"
      }
    },
    "rust-overlay": {
      "inputs": {
        "flake-utils": "flake-utils",
        "nixpkgs": [
          "nixpkgs"
        ]
      },
      "locked": {
        "lastModified": 1712196778,
        "narHash": "sha256-SOiwCr2HtmYpw8OvQQVRPtiCBWwndbIoPqtsamZK3J8=",
        "owner": "oxalica",
        "repo": "rust-overlay",
        "rev": "20e7895d1873cc64c14a9f024a8e04f5824bed28",
        "type": "github"
      },
      "original": {
        "owner": "oxalica",
        "repo": "rust-overlay",
        "type": "github"
      }
    },
    "systems": {
      "locked": {
        "lastModified": 1681028828,
        "narHash": "sha256-Vy1rq5AaRuLzOxct8nz4T6wlgyUR7zLU309k9mBC768=",
        "owner": "nix-systems",
        "repo": "default",
        "rev": "da67096a3b9bf56a91d16901293e51ba5b49a27e",
        "type": "github"
      },
      "original": {
        "owner": "nix-systems",
        "repo": "default",
        "type": "github"
      }
    },
    "systems_2": {
      "locked": {
        "lastModified": 1681028828,
        "narHash": "sha256-Vy1rq5AaRuLzOxct8nz4T6wlgyUR7zLU309k9mBC768=",
        "owner": "nix-systems",
        "repo": "default",
        "rev": "da67096a3b9bf56a91d16901293e51ba5b49a27e",
        "type": "github"
      },
      "original": {
        "owner": "nix-systems",
        "repo": "default",
        "type": "github"
      }
    },
    "v3-e2e-testing-source": {
      "flake": false,
      "locked": {
        "lastModified": 1706578034,
        "narHash": "sha256-DkbumGH6W51qs4pHpEE972pUfyUiGfZFFNitv8p6DaQ=",
        "ref": "jesse/update-mongodb",
        "rev": "325240c938c253a21f2fe54161b0c94e54f1a3a5",
        "revCount": 161,
        "type": "git",
        "url": "ssh://git@github.com/hasura/v3-e2e-testing"
      },
      "original": {
        "ref": "jesse/update-mongodb",
        "type": "git",
        "url": "ssh://git@github.com/hasura/v3-e2e-testing"
      }
    }
  },
  "root": "root",
  "version": 7
}
